
Microsoft Visual Studio Solution File, Format Version 12.00
# Visual Studio Version 16
VisualStudioVersion = 16.0.30523.141
MinimumVisualStudioVersion = 10.0.40219.1
Project("{FAE04EC0-301F-11D3-BF4B-00C04F79EFBC}") = "LinqDemo", "Demo\LinqDemo.csproj", "{B073F5A0-0C89-478D-8593-5C07D7686EEE}"
EndProject
Global
	GlobalSection(SolutionConfigurationPlatforms) = preSolution
		Debug|Any CPU = Debug|Any CPU
		Release|Any CPU = Release|Any CPU
	EndGlobalSection
	GlobalSection(ProjectConfigurationPlatforms) = postSolution
		{B073F5A0-0C89-478D-8593-5C07D7686EEE}.Debug|Any CPU.ActiveCfg = Debug|Any CPU
		{B073F5A0-0C89-478D-8593-5C07D7686EEE}.Debug|Any CPU.Build.0 = Debug|Any CPU
		{B073F5A0-0C89-478D-8593-5C07D7686EEE}.Release|Any CPU.ActiveCfg = Release|Any CPU
		{B073F5A0-0C89-478D-8593-5C07D7686EEE}.Release|Any CPU.Build.0 = Release|Any CPU
	EndGlobalSection
	GlobalSection(SolutionProperties) = preSolution
		HideSolutionNode = FALSE
	EndGlobalSection
	GlobalSection(ExtensibilityGlobals) = postSolution
		SolutionGuid = {737A343D-0E8F-4096-B9BF-69096BF6AB88}
	EndGlobalSection
EndGlobal
